// !$*UTF8*$!
{
	archiveVersion = 1;
	classes = {
	};
	objectVersion = 56;
	objects = {

/* Begin PBXBuildFile section */
		939700AA2957AE6500489AA5 /* QuoteCard.swift in Sources */ = {isa = PBXBuildFile; fileRef = 939700A92957AE6500489AA5 /* QuoteCard.swift */; };
		939700AC2957B3D900489AA5 /* AverageColor.swift in Sources */ = {isa = PBXBuildFile; fileRef = 939700AB2957B3D900489AA5 /* AverageColor.swift */; };
		939700B02957E04700489AA5 /* ImageBooster.swift in Sources */ = {isa = PBXBuildFile; fileRef = 939700AF2957E04700489AA5 /* ImageBooster.swift */; };
		939700B929581F0B00489AA5 /* ExpandableText.swift in Sources */ = {isa = PBXBuildFile; fileRef = 939700B829581F0B00489AA5 /* ExpandableText.swift */; };
		93DFE5952953881F00F83EEC /* HomePage.swift in Sources */ = {isa = PBXBuildFile; fileRef = 93DFE5942953881F00F83EEC /* HomePage.swift */; };
		93DFE5972953907400F83EEC /* DetailPage.swift in Sources */ = {isa = PBXBuildFile; fileRef = 93DFE5962953907400F83EEC /* DetailPage.swift */; };
		93DFE5992953909000F83EEC /* Book.swift in Sources */ = {isa = PBXBuildFile; fileRef = 93DFE5982953909000F83EEC /* Book.swift */; };
		93E9DC83295A71010028ADAF /* SearchPage.swift in Sources */ = {isa = PBXBuildFile; fileRef = 93E9DC82295A71010028ADAF /* SearchPage.swift */; };
		93E9DC85295AA2530028ADAF /* ContentView.swift in Sources */ = {isa = PBXBuildFile; fileRef = 93E9DC84295AA2530028ADAF /* ContentView.swift */; };
		93E9DC87295AA4D90028ADAF /* RouterView.swift in Sources */ = {isa = PBXBuildFile; fileRef = 93E9DC86295AA4D90028ADAF /* RouterView.swift */; };
		93E9DC8B295AD4F00028ADAF /* SearchFilters.swift in Sources */ = {isa = PBXBuildFile; fileRef = 93E9DC8A295AD4F00028ADAF /* SearchFilters.swift */; };
		93F2EE36293AD29400E06220 /* RememberApp.swift in Sources */ = {isa = PBXBuildFile; fileRef = 93F2EE35293AD29400E06220 /* RememberApp.swift */; };
		93F2EE3A293AD29500E06220 /* Assets.xcassets in Resources */ = {isa = PBXBuildFile; fileRef = 93F2EE39293AD29500E06220 /* Assets.xcassets */; };
		93F2EE3D293AD29500E06220 /* Preview Assets.xcassets in Resources */ = {isa = PBXBuildFile; fileRef = 93F2EE3C293AD29500E06220 /* Preview Assets.xcassets */; };
		93F2EE47293AD29600E06220 /* RememberTests.swift in Sources */ = {isa = PBXBuildFile; fileRef = 93F2EE46293AD29600E06220 /* RememberTests.swift */; };
		93F2EE51293AD29600E06220 /* RememberUITests.swift in Sources */ = {isa = PBXBuildFile; fileRef = 93F2EE50293AD29600E06220 /* RememberUITests.swift */; };
		93F2EE53293AD29600E06220 /* RememberUITestsLaunchTests.swift in Sources */ = {isa = PBXBuildFile; fileRef = 93F2EE52293AD29600E06220 /* RememberUITestsLaunchTests.swift */; };
		93F2EE63293AD30400E06220 /* BookService.swift in Sources */ = {isa = PBXBuildFile; fileRef = 93F2EE62293AD30400E06220 /* BookService.swift */; };
		93F2EE65293ADD5000E06220 /* AppManager.swift in Sources */ = {isa = PBXBuildFile; fileRef = 93F2EE64293ADD5000E06220 /* AppManager.swift */; };
		93F2EE6E293AE33C00E06220 /* CodableTypes.swift in Sources */ = {isa = PBXBuildFile; fileRef = 93F2EE6D293AE33C00E06220 /* CodableTypes.swift */; };
/* End PBXBuildFile section */

/* Begin PBXContainerItemProxy section */
		93F2EE43293AD29600E06220 /* PBXContainerItemProxy */ = {
			isa = PBXContainerItemProxy;
			containerPortal = 93F2EE2A293AD29400E06220 /* Project object */;
			proxyType = 1;
			remoteGlobalIDString = 93F2EE31293AD29400E06220;
			remoteInfo = Remember;
		};
		93F2EE4D293AD29600E06220 /* PBXContainerItemProxy */ = {
			isa = PBXContainerItemProxy;
			containerPortal = 93F2EE2A293AD29400E06220 /* Project object */;
			proxyType = 1;
			remoteGlobalIDString = 93F2EE31293AD29400E06220;
			remoteInfo = Remember;
		};
/* End PBXContainerItemProxy section */

/* Begin PBXFileReference section */
		939700A92957AE6500489AA5 /* QuoteCard.swift */ = {isa = PBXFileReference; lastKnownFileType = sourcecode.swift; path = QuoteCard.swift; sourceTree = "<group>"; };
		939700AB2957B3D900489AA5 /* AverageColor.swift */ = {isa = PBXFileReference; lastKnownFileType = sourcecode.swift; path = AverageColor.swift; sourceTree = "<group>"; };
		939700AF2957E04700489AA5 /* ImageBooster.swift */ = {isa = PBXFileReference; lastKnownFileType = sourcecode.swift; path = ImageBooster.swift; sourceTree = "<group>"; };
		939700B829581F0B00489AA5 /* ExpandableText.swift */ = {isa = PBXFileReference; lastKnownFileType = sourcecode.swift; path = ExpandableText.swift; sourceTree = "<group>"; };
		93DFE5942953881F00F83EEC /* HomePage.swift */ = {isa = PBXFileReference; lastKnownFileType = sourcecode.swift; path = HomePage.swift; sourceTree = "<group>"; };
		93DFE5962953907400F83EEC /* DetailPage.swift */ = {isa = PBXFileReference; lastKnownFileType = sourcecode.swift; path = DetailPage.swift; sourceTree = "<group>"; };
		93DFE5982953909000F83EEC /* Book.swift */ = {isa = PBXFileReference; lastKnownFileType = sourcecode.swift; path = Book.swift; sourceTree = "<group>"; };
		93E9DC82295A71010028ADAF /* SearchPage.swift */ = {isa = PBXFileReference; lastKnownFileType = sourcecode.swift; path = SearchPage.swift; sourceTree = "<group>"; };
		93E9DC84295AA2530028ADAF /* ContentView.swift */ = {isa = PBXFileReference; lastKnownFileType = sourcecode.swift; path = ContentView.swift; sourceTree = "<group>"; };
		93E9DC86295AA4D90028ADAF /* RouterView.swift */ = {isa = PBXFileReference; lastKnownFileType = sourcecode.swift; path = RouterView.swift; sourceTree = "<group>"; };
		93E9DC8A295AD4F00028ADAF /* SearchFilters.swift */ = {isa = PBXFileReference; lastKnownFileType = sourcecode.swift; path = SearchFilters.swift; sourceTree = "<group>"; };
		93F2EE32293AD29400E06220 /* Remember.app */ = {isa = PBXFileReference; explicitFileType = wrapper.application; includeInIndex = 0; path = Remember.app; sourceTree = BUILT_PRODUCTS_DIR; };
		93F2EE35293AD29400E06220 /* RememberApp.swift */ = {isa = PBXFileReference; lastKnownFileType = sourcecode.swift; path = RememberApp.swift; sourceTree = "<group>"; };
		93F2EE39293AD29500E06220 /* Assets.xcassets */ = {isa = PBXFileReference; lastKnownFileType = folder.assetcatalog; path = Assets.xcassets; sourceTree = "<group>"; };
		93F2EE3C293AD29500E06220 /* Preview Assets.xcassets */ = {isa = PBXFileReference; lastKnownFileType = folder.assetcatalog; path = "Preview Assets.xcassets"; sourceTree = "<group>"; };
		93F2EE42293AD29600E06220 /* RememberTests.xctest */ = {isa = PBXFileReference; explicitFileType = wrapper.cfbundle; includeInIndex = 0; path = RememberTests.xctest; sourceTree = BUILT_PRODUCTS_DIR; };
		93F2EE46293AD29600E06220 /* RememberTests.swift */ = {isa = PBXFileReference; lastKnownFileType = sourcecode.swift; path = RememberTests.swift; sourceTree = "<group>"; };
		93F2EE4C293AD29600E06220 /* RememberUITests.xctest */ = {isa = PBXFileReference; explicitFileType = wrapper.cfbundle; includeInIndex = 0; path = RememberUITests.xctest; sourceTree = BUILT_PRODUCTS_DIR; };
		93F2EE50293AD29600E06220 /* RememberUITests.swift */ = {isa = PBXFileReference; lastKnownFileType = sourcecode.swift; path = RememberUITests.swift; sourceTree = "<group>"; };
		93F2EE52293AD29600E06220 /* RememberUITestsLaunchTests.swift */ = {isa = PBXFileReference; lastKnownFileType = sourcecode.swift; path = RememberUITestsLaunchTests.swift; sourceTree = "<group>"; };
		93F2EE62293AD30400E06220 /* BookService.swift */ = {isa = PBXFileReference; lastKnownFileType = sourcecode.swift; path = BookService.swift; sourceTree = "<group>"; };
		93F2EE64293ADD5000E06220 /* AppManager.swift */ = {isa = PBXFileReference; lastKnownFileType = sourcecode.swift; path = AppManager.swift; sourceTree = "<group>"; };
		93F2EE6D293AE33C00E06220 /* CodableTypes.swift */ = {isa = PBXFileReference; lastKnownFileType = sourcecode.swift; path = CodableTypes.swift; sourceTree = "<group>"; };
		93F2EE74293AFA4500E06220 /* Info.plist */ = {isa = PBXFileReference; lastKnownFileType = text.plist; path = Info.plist; sourceTree = "<group>"; };
/* End PBXFileReference section */

/* Begin PBXFrameworksBuildPhase section */
		93F2EE2F293AD29400E06220 /* Frameworks */ = {
			isa = PBXFrameworksBuildPhase;
			buildActionMask = 2147483647;
			files = (
			);
			runOnlyForDeploymentPostprocessing = 0;
		};
		93F2EE3F293AD29600E06220 /* Frameworks */ = {
			isa = PBXFrameworksBuildPhase;
			buildActionMask = 2147483647;
			files = (
			);
			runOnlyForDeploymentPostprocessing = 0;
		};
		93F2EE49293AD29600E06220 /* Frameworks */ = {
			isa = PBXFrameworksBuildPhase;
			buildActionMask = 2147483647;
			files = (
			);
			runOnlyForDeploymentPostprocessing = 0;
		};
/* End PBXFrameworksBuildPhase section */

/* Begin PBXGroup section */
		93E9DC8C295AD8640028ADAF /* Pages */ = {
			isa = PBXGroup;
			children = (
				93DFE5942953881F00F83EEC /* HomePage.swift */,
				93DFE5962953907400F83EEC /* DetailPage.swift */,
				93E9DC82295A71010028ADAF /* SearchPage.swift */,
			);
			path = Pages;
			sourceTree = "<group>";
		};
		93E9DC8D295AD86A0028ADAF /* Components */ = {
			isa = PBXGroup;
			children = (
				939700B829581F0B00489AA5 /* ExpandableText.swift */,
				93E9DC8A295AD4F00028ADAF /* SearchFilters.swift */,
				939700A92957AE6500489AA5 /* QuoteCard.swift */,
			);
			path = Components;
			sourceTree = "<group>";
		};
		93E9DC8E295ADA420028ADAF /* Navigation */ = {
			isa = PBXGroup;
			children = (
				93E9DC86295AA4D90028ADAF /* RouterView.swift */,
			);
			path = Navigation;
			sourceTree = "<group>";
		};
		93F2EE29293AD29400E06220 = {
			isa = PBXGroup;
			children = (
				93F2EE34293AD29400E06220 /* Remember */,
				93F2EE45293AD29600E06220 /* RememberTests */,
				93F2EE4F293AD29600E06220 /* RememberUITests */,
				93F2EE33293AD29400E06220 /* Products */,
			);
			sourceTree = "<group>";
		};
		93F2EE33293AD29400E06220 /* Products */ = {
			isa = PBXGroup;
			children = (
				93F2EE32293AD29400E06220 /* Remember.app */,
				93F2EE42293AD29600E06220 /* RememberTests.xctest */,
				93F2EE4C293AD29600E06220 /* RememberUITests.xctest */,
			);
			name = Products;
			sourceTree = "<group>";
		};
		93F2EE34293AD29400E06220 /* Remember */ = {
			isa = PBXGroup;
			children = (
				93F2EE74293AFA4500E06220 /* Info.plist */,
				93F2EE35293AD29400E06220 /* RememberApp.swift */,
				93E9DC84295AA2530028ADAF /* ContentView.swift */,
				93F2EE61293AD2E000E06220 /* Model */,
				93F2EE60293AD2DB00E06220 /* View */,
				93F2EE5F293AD2CA00E06220 /* ViewModel */,
				93F2EE39293AD29500E06220 /* Assets.xcassets */,
				93F2EE3B293AD29500E06220 /* Preview Content */,
			);
			path = Remember;
			sourceTree = "<group>";
		};
		93F2EE3B293AD29500E06220 /* Preview Content */ = {
			isa = PBXGroup;
			children = (
				93F2EE3C293AD29500E06220 /* Preview Assets.xcassets */,
			);
			path = "Preview Content";
			sourceTree = "<group>";
		};
		93F2EE45293AD29600E06220 /* RememberTests */ = {
			isa = PBXGroup;
			children = (
				93F2EE46293AD29600E06220 /* RememberTests.swift */,
			);
			path = RememberTests;
			sourceTree = "<group>";
		};
		93F2EE4F293AD29600E06220 /* RememberUITests */ = {
			isa = PBXGroup;
			children = (
				93F2EE50293AD29600E06220 /* RememberUITests.swift */,
				93F2EE52293AD29600E06220 /* RememberUITestsLaunchTests.swift */,
			);
			path = RememberUITests;
			sourceTree = "<group>";
		};
		93F2EE5F293AD2CA00E06220 /* ViewModel */ = {
			isa = PBXGroup;
			children = (
				93F2EE64293ADD5000E06220 /* AppManager.swift */,
				939700AB2957B3D900489AA5 /* AverageColor.swift */,
			);
			path = ViewModel;
			sourceTree = "<group>";
		};
		93F2EE60293AD2DB00E06220 /* View */ = {
			isa = PBXGroup;
			children = (
				93E9DC8C295AD8640028ADAF /* Pages */,
				93E9DC8D295AD86A0028ADAF /* Components */,
				93E9DC8E295ADA420028ADAF /* Navigation */,
			);
			path = View;
			sourceTree = "<group>";
		};
		93F2EE61293AD2E000E06220 /* Model */ = {
			isa = PBXGroup;
			children = (
				93F2EE6D293AE33C00E06220 /* CodableTypes.swift */,
				93F2EE62293AD30400E06220 /* BookService.swift */,
				939700AF2957E04700489AA5 /* ImageBooster.swift */,
				93DFE5982953909000F83EEC /* Book.swift */,
			);
			path = Model;
			sourceTree = "<group>";
		};
/* End PBXGroup section */

/* Begin PBXNativeTarget section */
		93F2EE31293AD29400E06220 /* Remember */ = {
			isa = PBXNativeTarget;
			buildConfigurationList = 93F2EE56293AD29600E06220 /* Build configuration list for PBXNativeTarget "Remember" */;
			buildPhases = (
				93F2EE2E293AD29400E06220 /* Sources */,
				93F2EE2F293AD29400E06220 /* Frameworks */,
				93F2EE30293AD29400E06220 /* Resources */,
			);
			buildRules = (
			);
			dependencies = (
			);
			name = Remember;
			packageProductDependencies = (
			);
			productName = Remember;
			productReference = 93F2EE32293AD29400E06220 /* Remember.app */;
			productType = "com.apple.product-type.application";
		};
		93F2EE41293AD29600E06220 /* RememberTests */ = {
			isa = PBXNativeTarget;
			buildConfigurationList = 93F2EE59293AD29600E06220 /* Build configuration list for PBXNativeTarget "RememberTests" */;
			buildPhases = (
				93F2EE3E293AD29600E06220 /* Sources */,
				93F2EE3F293AD29600E06220 /* Frameworks */,
				93F2EE40293AD29600E06220 /* Resources */,
			);
			buildRules = (
			);
			dependencies = (
				93F2EE44293AD29600E06220 /* PBXTargetDependency */,
			);
			name = RememberTests;
			productName = RememberTests;
			productReference = 93F2EE42293AD29600E06220 /* RememberTests.xctest */;
			productType = "com.apple.product-type.bundle.unit-test";
		};
		93F2EE4B293AD29600E06220 /* RememberUITests */ = {
			isa = PBXNativeTarget;
			buildConfigurationList = 93F2EE5C293AD29600E06220 /* Build configuration list for PBXNativeTarget "RememberUITests" */;
			buildPhases = (
				93F2EE48293AD29600E06220 /* Sources */,
				93F2EE49293AD29600E06220 /* Frameworks */,
				93F2EE4A293AD29600E06220 /* Resources */,
			);
			buildRules = (
			);
			dependencies = (
				93F2EE4E293AD29600E06220 /* PBXTargetDependency */,
			);
			name = RememberUITests;
			productName = RememberUITests;
			productReference = 93F2EE4C293AD29600E06220 /* RememberUITests.xctest */;
			productType = "com.apple.product-type.bundle.ui-testing";
		};
/* End PBXNativeTarget section */

/* Begin PBXProject section */
		93F2EE2A293AD29400E06220 /* Project object */ = {
			isa = PBXProject;
			attributes = {
				BuildIndependentTargetsInParallel = 1;
				LastSwiftUpdateCheck = 1400;
				LastUpgradeCheck = 1400;
				TargetAttributes = {
					93F2EE31293AD29400E06220 = {
						CreatedOnToolsVersion = 14.0.1;
					};
					93F2EE41293AD29600E06220 = {
						CreatedOnToolsVersion = 14.0.1;
						TestTargetID = 93F2EE31293AD29400E06220;
					};
					93F2EE4B293AD29600E06220 = {
						CreatedOnToolsVersion = 14.0.1;
						TestTargetID = 93F2EE31293AD29400E06220;
					};
				};
			};
			buildConfigurationList = 93F2EE2D293AD29400E06220 /* Build configuration list for PBXProject "Remember" */;
			compatibilityVersion = "Xcode 14.0";
			developmentRegion = en;
			hasScannedForEncodings = 0;
			knownRegions = (
				en,
				Base,
			);
			mainGroup = 93F2EE29293AD29400E06220;
			packageReferences = (
			);
			productRefGroup = 93F2EE33293AD29400E06220 /* Products */;
			projectDirPath = "";
			projectRoot = "";
			targets = (
				93F2EE31293AD29400E06220 /* Remember */,
				93F2EE41293AD29600E06220 /* RememberTests */,
				93F2EE4B293AD29600E06220 /* RememberUITests */,
			);
		};
/* End PBXProject section */

/* Begin PBXResourcesBuildPhase section */
		93F2EE30293AD29400E06220 /* Resources */ = {
			isa = PBXResourcesBuildPhase;
			buildActionMask = 2147483647;
			files = (
				93F2EE3D293AD29500E06220 /* Preview Assets.xcassets in Resources */,
				93F2EE3A293AD29500E06220 /* Assets.xcassets in Resources */,
			);
			runOnlyForDeploymentPostprocessing = 0;
		};
		93F2EE40293AD29600E06220 /* Resources */ = {
			isa = PBXResourcesBuildPhase;
			buildActionMask = 2147483647;
			files = (
			);
			runOnlyForDeploymentPostprocessing = 0;
		};
		93F2EE4A293AD29600E06220 /* Resources */ = {
			isa = PBXResourcesBuildPhase;
			buildActionMask = 2147483647;
			files = (
			);
			runOnlyForDeploymentPostprocessing = 0;
		};
/* End PBXResourcesBuildPhase section */

/* Begin PBXSourcesBuildPhase section */
		93F2EE2E293AD29400E06220 /* Sources */ = {
			isa = PBXSourcesBuildPhase;
			buildActionMask = 2147483647;
			files = (
				93E9DC85295AA2530028ADAF /* ContentView.swift in Sources */,
				93F2EE36293AD29400E06220 /* RememberApp.swift in Sources */,
				939700AA2957AE6500489AA5 /* QuoteCard.swift in Sources */,
				93E9DC83295A71010028ADAF /* SearchPage.swift in Sources */,
				939700B02957E04700489AA5 /* ImageBooster.swift in Sources */,
				93F2EE63293AD30400E06220 /* BookService.swift in Sources */,
				939700AC2957B3D900489AA5 /* AverageColor.swift in Sources */,
				93F2EE65293ADD5000E06220 /* AppManager.swift in Sources */,
				93F2EE6E293AE33C00E06220 /* CodableTypes.swift in Sources */,
				93E9DC87295AA4D90028ADAF /* RouterView.swift in Sources */,
				939700B929581F0B00489AA5 /* ExpandableText.swift in Sources */,
				93DFE5972953907400F83EEC /* DetailPage.swift in Sources */,
				93E9DC8B295AD4F00028ADAF /* SearchFilters.swift in Sources */,
				93DFE5992953909000F83EEC /* Book.swift in Sources */,
				93DFE5952953881F00F83EEC /* HomePage.swift in Sources */,
			);
			runOnlyForDeploymentPostprocessing = 0;
		};
		93F2EE3E293AD29600E06220 /* Sources */ = {
			isa = PBXSourcesBuildPhase;
			buildActionMask = 2147483647;
			files = (
				93F2EE47293AD29600E06220 /* RememberTests.swift in Sources */,
			);
			runOnlyForDeploymentPostprocessing = 0;
		};
		93F2EE48293AD29600E06220 /* Sources */ = {
			isa = PBXSourcesBuildPhase;
			buildActionMask = 2147483647;
			files = (
				93F2EE53293AD29600E06220 /* RememberUITestsLaunchTests.swift in Sources */,
				93F2EE51293AD29600E06220 /* RememberUITests.swift in Sources */,
			);
			runOnlyForDeploymentPostprocessing = 0;
		};
/* End PBXSourcesBuildPhase section */

/* Begin PBXTargetDependency section */
		93F2EE44293AD29600E06220 /* PBXTargetDependency */ = {
			isa = PBXTargetDependency;
			target = 93F2EE31293AD29400E06220 /* Remember */;
			targetProxy = 93F2EE43293AD29600E06220 /* PBXContainerItemProxy */;
		};
		93F2EE4E293AD29600E06220 /* PBXTargetDependency */ = {
			isa = PBXTargetDependency;
			target = 93F2EE31293AD29400E06220 /* Remember */;
			targetProxy = 93F2EE4D293AD29600E06220 /* PBXContainerItemProxy */;
		};
/* End PBXTargetDependency section */

/* Begin XCBuildConfiguration section */
		93F2EE54293AD29600E06220 /* Debug */ = {
			isa = XCBuildConfiguration;
			buildSettings = {
				ALWAYS_SEARCH_USER_PATHS = NO;
				CLANG_ANALYZER_NONNULL = YES;
				CLANG_ANALYZER_NUMBER_OBJECT_CONVERSION = YES_AGGRESSIVE;
				CLANG_CXX_LANGUAGE_STANDARD = "gnu++20";
				CLANG_ENABLE_MODULES = YES;
				CLANG_ENABLE_OBJC_ARC = YES;
				CLANG_ENABLE_OBJC_WEAK = YES;
				CLANG_WARN_BLOCK_CAPTURE_AUTORELEASING = YES;
				CLANG_WARN_BOOL_CONVERSION = YES;
				CLANG_WARN_COMMA = YES;
				CLANG_WARN_CONSTANT_CONVERSION = YES;
				CLANG_WARN_DEPRECATED_OBJC_IMPLEMENTATIONS = YES;
				CLANG_WARN_DIRECT_OBJC_ISA_USAGE = YES_ERROR;
				CLANG_WARN_DOCUMENTATION_COMMENTS = YES;
				CLANG_WARN_EMPTY_BODY = YES;
				CLANG_WARN_ENUM_CONVERSION = YES;
				CLANG_WARN_INFINITE_RECURSION = YES;
				CLANG_WARN_INT_CONVERSION = YES;
				CLANG_WARN_NON_LITERAL_NULL_CONVERSION = YES;
				CLANG_WARN_OBJC_IMPLICIT_RETAIN_SELF = YES;
				CLANG_WARN_OBJC_LITERAL_CONVERSION = YES;
				CLANG_WARN_OBJC_ROOT_CLASS = YES_ERROR;
				CLANG_WARN_QUOTED_INCLUDE_IN_FRAMEWORK_HEADER = YES;
				CLANG_WARN_RANGE_LOOP_ANALYSIS = YES;
				CLANG_WARN_STRICT_PROTOTYPES = YES;
				CLANG_WARN_SUSPICIOUS_MOVE = YES;
				CLANG_WARN_UNGUARDED_AVAILABILITY = YES_AGGRESSIVE;
				CLANG_WARN_UNREACHABLE_CODE = YES;
				CLANG_WARN__DUPLICATE_METHOD_MATCH = YES;
				COPY_PHASE_STRIP = NO;
				DEBUG_INFORMATION_FORMAT = dwarf;
				ENABLE_STRICT_OBJC_MSGSEND = YES;
				ENABLE_TESTABILITY = YES;
				GCC_C_LANGUAGE_STANDARD = gnu11;
				GCC_DYNAMIC_NO_PIC = NO;
				GCC_NO_COMMON_BLOCKS = YES;
				GCC_OPTIMIZATION_LEVEL = 0;
				GCC_PREPROCESSOR_DEFINITIONS = (
					"DEBUG=1",
					"$(inherited)",
				);
				GCC_WARN_64_TO_32_BIT_CONVERSION = YES;
				GCC_WARN_ABOUT_RETURN_TYPE = YES_ERROR;
				GCC_WARN_UNDECLARED_SELECTOR = YES;
				GCC_WARN_UNINITIALIZED_AUTOS = YES_AGGRESSIVE;
				GCC_WARN_UNUSED_FUNCTION = YES;
				GCC_WARN_UNUSED_VARIABLE = YES;
				IPHONEOS_DEPLOYMENT_TARGET = 16.0;
				MTL_ENABLE_DEBUG_INFO = INCLUDE_SOURCE;
				MTL_FAST_MATH = YES;
				ONLY_ACTIVE_ARCH = YES;
				SDKROOT = iphoneos;
				SWIFT_ACTIVE_COMPILATION_CONDITIONS = DEBUG;
				SWIFT_OPTIMIZATION_LEVEL = "-Onone";
			};
			name = Debug;
		};
		93F2EE55293AD29600E06220 /* Release */ = {
			isa = XCBuildConfiguration;
			buildSettings = {
				ALWAYS_SEARCH_USER_PATHS = NO;
				CLANG_ANALYZER_NONNULL = YES;
				CLANG_ANALYZER_NUMBER_OBJECT_CONVERSION = YES_AGGRESSIVE;
				CLANG_CXX_LANGUAGE_STANDARD = "gnu++20";
				CLANG_ENABLE_MODULES = YES;
				CLANG_ENABLE_OBJC_ARC = YES;
				CLANG_ENABLE_OBJC_WEAK = YES;
				CLANG_WARN_BLOCK_CAPTURE_AUTORELEASING = YES;
				CLANG_WARN_BOOL_CONVERSION = YES;
				CLANG_WARN_COMMA = YES;
				CLANG_WARN_CONSTANT_CONVERSION = YES;
				CLANG_WARN_DEPRECATED_OBJC_IMPLEMENTATIONS = YES;
				CLANG_WARN_DIRECT_OBJC_ISA_USAGE = YES_ERROR;
				CLANG_WARN_DOCUMENTATION_COMMENTS = YES;
				CLANG_WARN_EMPTY_BODY = YES;
				CLANG_WARN_ENUM_CONVERSION = YES;
				CLANG_WARN_INFINITE_RECURSION = YES;
				CLANG_WARN_INT_CONVERSION = YES;
				CLANG_WARN_NON_LITERAL_NULL_CONVERSION = YES;
				CLANG_WARN_OBJC_IMPLICIT_RETAIN_SELF = YES;
				CLANG_WARN_OBJC_LITERAL_CONVERSION = YES;
				CLANG_WARN_OBJC_ROOT_CLASS = YES_ERROR;
				CLANG_WARN_QUOTED_INCLUDE_IN_FRAMEWORK_HEADER = YES;
				CLANG_WARN_RANGE_LOOP_ANALYSIS = YES;
				CLANG_WARN_STRICT_PROTOTYPES = YES;
				CLANG_WARN_SUSPICIOUS_MOVE = YES;
				CLANG_WARN_UNGUARDED_AVAILABILITY = YES_AGGRESSIVE;
				CLANG_WARN_UNREACHABLE_CODE = YES;
				CLANG_WARN__DUPLICATE_METHOD_MATCH = YES;
				COPY_PHASE_STRIP = NO;
				DEBUG_INFORMATION_FORMAT = "dwarf-with-dsym";
				ENABLE_NS_ASSERTIONS = NO;
				ENABLE_STRICT_OBJC_MSGSEND = YES;
				GCC_C_LANGUAGE_STANDARD = gnu11;
				GCC_NO_COMMON_BLOCKS = YES;
				GCC_WARN_64_TO_32_BIT_CONVERSION = YES;
				GCC_WARN_ABOUT_RETURN_TYPE = YES_ERROR;
				GCC_WARN_UNDECLARED_SELECTOR = YES;
				GCC_WARN_UNINITIALIZED_AUTOS = YES_AGGRESSIVE;
				GCC_WARN_UNUSED_FUNCTION = YES;
				GCC_WARN_UNUSED_VARIABLE = YES;
				IPHONEOS_DEPLOYMENT_TARGET = 16.0;
				MTL_ENABLE_DEBUG_INFO = NO;
				MTL_FAST_MATH = YES;
				SDKROOT = iphoneos;
				SWIFT_COMPILATION_MODE = wholemodule;
				SWIFT_OPTIMIZATION_LEVEL = "-O";
				VALIDATE_PRODUCT = YES;
			};
			name = Release;
		};
		93F2EE57293AD29600E06220 /* Debug */ = {
			isa = XCBuildConfiguration;
			buildSettings = {
				ASSETCATALOG_COMPILER_APPICON_NAME = AppIcon;
				ASSETCATALOG_COMPILER_GLOBAL_ACCENT_COLOR_NAME = AccentColor;
				CODE_SIGN_STYLE = Automatic;
				CURRENT_PROJECT_VERSION = 1;
				DEVELOPMENT_ASSET_PATHS = "\"Remember/Preview Content\"";
				DEVELOPMENT_TEAM = F9H27V7343;
				ENABLE_PREVIEWS = YES;
				GENERATE_INFOPLIST_FILE = YES;
				INFOPLIST_FILE = Remember/Info.plist;
				INFOPLIST_KEY_UIApplicationSceneManifest_Generation = YES;
				INFOPLIST_KEY_UIApplicationSupportsIndirectInputEvents = YES;
				INFOPLIST_KEY_UILaunchScreen_Generation = YES;
				INFOPLIST_KEY_UISupportedInterfaceOrientations_iPad = "UIInterfaceOrientationPortrait UIInterfaceOrientationPortraitUpsideDown UIInterfaceOrientationLandscapeLeft UIInterfaceOrientationLandscapeRight";
				INFOPLIST_KEY_UISupportedInterfaceOrientations_iPhone = "UIInterfaceOrientationPortrait UIInterfaceOrientationLandscapeLeft UIInterfaceOrientationLandscapeRight";
				LD_RUNPATH_SEARCH_PATHS = (
					"$(inherited)",
					"@executable_path/Frameworks",
				);
				MARKETING_VERSION = 1.0;
				PRODUCT_BUNDLE_IDENTIFIER = com.rayzina.Remember;
				PRODUCT_NAME = "$(TARGET_NAME)";
				SWIFT_EMIT_LOC_STRINGS = YES;
				SWIFT_VERSION = 5.0;
				TARGETED_DEVICE_FAMILY = "1,2";
			};
			name = Debug;
		};
		93F2EE58293AD29600E06220 /* Release */ = {
			isa = XCBuildConfiguration;
			buildSettings = {
				ASSETCATALOG_COMPILER_APPICON_NAME = AppIcon;
				ASSETCATALOG_COMPILER_GLOBAL_ACCENT_COLOR_NAME = AccentColor;
				CODE_SIGN_STYLE = Automatic;
				CURRENT_PROJECT_VERSION = 1;
				DEVELOPMENT_ASSET_PATHS = "\"Remember/Preview Content\"";
				DEVELOPMENT_TEAM = F9H27V7343;
				ENABLE_PREVIEWS = YES;
				GENERATE_INFOPLIST_FILE = YES;
				INFOPLIST_FILE = Remember/Info.plist;
				INFOPLIST_KEY_UIApplicationSceneManifest_Generation = YES;
				INFOPLIST_KEY_UIApplicationSupportsIndirectInputEvents = YES;
				INFOPLIST_KEY_UILaunchScreen_Generation = YES;
				INFOPLIST_KEY_UISupportedInterfaceOrientations_iPad = "UIInterfaceOrientationPortrait UIInterfaceOrientationPortraitUpsideDown UIInterfaceOrientationLandscapeLeft UIInterfaceOrientationLandscapeRight";
				INFOPLIST_KEY_UISupportedInterfaceOrientations_iPhone = "UIInterfaceOrientationPortrait UIInterfaceOrientationLandscapeLeft UIInterfaceOrientationLandscapeRight";
				LD_RUNPATH_SEARCH_PATHS = (
					"$(inherited)",
					"@executable_path/Frameworks",
				);
				MARKETING_VERSION = 1.0;
				PRODUCT_BUNDLE_IDENTIFIER = com.rayzina.Remember;
				PRODUCT_NAME = "$(TARGET_NAME)";
				SWIFT_EMIT_LOC_STRINGS = YES;
				SWIFT_VERSION = 5.0;
				TARGETED_DEVICE_FAMILY = "1,2";
			};
			name = Release;
		};
		93F2EE5A293AD29600E06220 /* Debug */ = {
			isa = XCBuildConfiguration;
			buildSettings = {
				ALWAYS_EMBED_SWIFT_STANDARD_LIBRARIES = YES;
				BUNDLE_LOADER = "$(TEST_HOST)";
				CODE_SIGN_STYLE = Automatic;
				CURRENT_PROJECT_VERSION = 1;
				DEVELOPMENT_TEAM = F9H27V7343;
				GENERATE_INFOPLIST_FILE = YES;
				IPHONEOS_DEPLOYMENT_TARGET = 16.0;
				MARKETING_VERSION = 1.0;
				PRODUCT_BUNDLE_IDENTIFIER = com.rayzina.RememberTests;
				PRODUCT_NAME = "$(TARGET_NAME)";
				SWIFT_EMIT_LOC_STRINGS = NO;
				SWIFT_VERSION = 5.0;
				TARGETED_DEVICE_FAMILY = "1,2";
				TEST_HOST = "$(BUILT_PRODUCTS_DIR)/Remember.app/$(BUNDLE_EXECUTABLE_FOLDER_PATH)/Remember";
			};
			name = Debug;
		};
		93F2EE5B293AD29600E06220 /* Release */ = {
			isa = XCBuildConfiguration;
			buildSettings = {
				ALWAYS_EMBED_SWIFT_STANDARD_LIBRARIES = YES;
				BUNDLE_LOADER = "$(TEST_HOST)";
				CODE_SIGN_STYLE = Automatic;
				CURRENT_PROJECT_VERSION = 1;
				DEVELOPMENT_TEAM = F9H27V7343;
				GENERATE_INFOPLIST_FILE = YES;
				IPHONEOS_DEPLOYMENT_TARGET = 16.0;
				MARKETING_VERSION = 1.0;
				PRODUCT_BUNDLE_IDENTIFIER = com.rayzina.RememberTests;
				PRODUCT_NAME = "$(TARGET_NAME)";
				SWIFT_EMIT_LOC_STRINGS = NO;
				SWIFT_VERSION = 5.0;
				TARGETED_DEVICE_FAMILY = "1,2";
				TEST_HOST = "$(BUILT_PRODUCTS_DIR)/Remember.app/$(BUNDLE_EXECUTABLE_FOLDER_PATH)/Remember";
			};
			name = Release;
		};
		93F2EE5D293AD29600E06220 /* Debug */ = {
			isa = XCBuildConfiguration;
			buildSettings = {
				ALWAYS_EMBED_SWIFT_STANDARD_LIBRARIES = YES;
				CODE_SIGN_STYLE = Automatic;
				CURRENT_PROJECT_VERSION = 1;
				DEVELOPMENT_TEAM = F9H27V7343;
				GENERATE_INFOPLIST_FILE = YES;
				MARKETING_VERSION = 1.0;
				PRODUCT_BUNDLE_IDENTIFIER = com.rayzina.RememberUITests;
				PRODUCT_NAME = "$(TARGET_NAME)";
				SWIFT_EMIT_LOC_STRINGS = NO;
				SWIFT_VERSION = 5.0;
				TARGETED_DEVICE_FAMILY = "1,2";
				TEST_TARGET_NAME = Remember;
			};
			name = Debug;
		};
		93F2EE5E293AD29600E06220 /* Release */ = {
			isa = XCBuildConfiguration;
			buildSettings = {
				ALWAYS_EMBED_SWIFT_STANDARD_LIBRARIES = YES;
				CODE_SIGN_STYLE = Automatic;
				CURRENT_PROJECT_VERSION = 1;
				DEVELOPMENT_TEAM = F9H27V7343;
				GENERATE_INFOPLIST_FILE = YES;
				MARKETING_VERSION = 1.0;
				PRODUCT_BUNDLE_IDENTIFIER = com.rayzina.RememberUITests;
				PRODUCT_NAME = "$(TARGET_NAME)";
				SWIFT_EMIT_LOC_STRINGS = NO;
				SWIFT_VERSION = 5.0;
				TARGETED_DEVICE_FAMILY = "1,2";
				TEST_TARGET_NAME = Remember;
			};
			name = Release;
		};
/* End XCBuildConfiguration section */

/* Begin XCConfigurationList section */
		93F2EE2D293AD29400E06220 /* Build configuration list for PBXProject "Remember" */ = {
			isa = XCConfigurationList;
			buildConfigurations = (
				93F2EE54293AD29600E06220 /* Debug */,
				93F2EE55293AD29600E06220 /* Release */,
			);
			defaultConfigurationIsVisible = 0;
			defaultConfigurationName = Release;
		};
		93F2EE56293AD29600E06220 /* Build configuration list for PBXNativeTarget "Remember" */ = {
			isa = XCConfigurationList;
			buildConfigurations = (
				93F2EE57293AD29600E06220 /* Debug */,
				93F2EE58293AD29600E06220 /* Release */,
			);
			defaultConfigurationIsVisible = 0;
			defaultConfigurationName = Release;
		};
		93F2EE59293AD29600E06220 /* Build configuration list for PBXNativeTarget "RememberTests" */ = {
			isa = XCConfigurationList;
			buildConfigurations = (
				93F2EE5A293AD29600E06220 /* Debug */,
				93F2EE5B293AD29600E06220 /* Release */,
			);
			defaultConfigurationIsVisible = 0;
			defaultConfigurationName = Release;
		};
		93F2EE5C293AD29600E06220 /* Build configuration list for PBXNativeTarget "RememberUITests" */ = {
			isa = XCConfigurationList;
			buildConfigurations = (
				93F2EE5D293AD29600E06220 /* Debug */,
				93F2EE5E293AD29600E06220 /* Release */,
			);
			defaultConfigurationIsVisible = 0;
			defaultConfigurationName = Release;
		};
/* End XCConfigurationList section */
	};
	rootObject = 93F2EE2A293AD29400E06220 /* Project object */;
}
